<?xml version="1.0" encoding="utf-8"?>
<Project ToolsVersion="17.0" xmlns="http://schemas.microsoft.com/developer/msbuild/2003">
  <ItemGroup>
    <ClCompile Include="C:\Users\Alej\Desktop\FIGV-6-Start\FIGV\FigvAuxiliaryFunctions.cpp">
      <Filter>Source Files</Filter>
    </ClCompile>
    <ClCompile Include="C:\Users\Alej\Desktop\FIGV-6-Start\FIGV\FigvCamera.cpp">
      <Filter>Source Files</Filter>
    </ClCompile>
    <ClCompile Include="C:\Users\Alej\Desktop\FIGV-6-Start\FIGV\FigvEventManager.cpp">
      <Filter>Source Files</Filter>
    </ClCompile>
    <ClCompile Include="C:\Users\Alej\Desktop\FIGV-6-Start\FIGV\FigvMesh.cpp">
      <Filter>Source Files</Filter>
    </ClCompile>
    <ClCompile Include="C:\Users\Alej\Desktop\FIGV-6-Start\FIGV\FigvModel.cpp">
      <Filter>Source Files</Filter>
    </ClCompile>
    <ClCompile Include="C:\Users\Alej\Desktop\FIGV-6-Start\FIGV\FigvRenderer.cpp">
      <Filter>Source Files</Filter>
    </ClCompile>
    <ClCompile Include="C:\Users\Alej\Desktop\FIGV-6-Start\FIGV\FigvScene.cpp">
      <Filter>Source Files</Filter>
    </ClCompile>
    <ClCompile Include="C:\Users\Alej\Desktop\FIGV-6-Start\FIGV\FigvShader.cpp">
      <Filter>Source Files</Filter>
    </ClCompile>
    <ClCompile Include="C:\Users\Alej\Desktop\FIGV-6-Start\FIGV\FigvUserInterface.cpp">
      <Filter>Source Files</Filter>
    </ClCompile>
    <ClCompile Include="C:\Users\Alej\Desktop\FIGV-6-Start\FIGV\FigvWindowSystem.cpp">
      <Filter>Source Files</Filter>
    </ClCompile>
    <ClCompile Include="C:\Users\Alej\Desktop\FIGV-6-Start\FIGV\glad.c">
      <Filter>Source Files</Filter>
    </ClCompile>
    <ClCompile Include="C:\Users\Alej\Desktop\FIGV-6-Start\FIGV\imgui\backends\imgui_impl_glfw.cpp">
      <Filter>Source Files</Filter>
    </ClCompile>
    <ClCompile Include="C:\Users\Alej\Desktop\FIGV-6-Start\FIGV\imgui\backends\imgui_impl_opengl3.cpp">
      <Filter>Source Files</Filter>
    </ClCompile>
    <ClCompile Include="C:\Users\Alej\Desktop\FIGV-6-Start\FIGV\imgui\imgui.cpp">
      <Filter>Source Files</Filter>
    </ClCompile>
    <ClCompile Include="C:\Users\Alej\Desktop\FIGV-6-Start\FIGV\imgui\imgui_demo.cpp">
      <Filter>Source Files</Filter>
    </ClCompile>
    <ClCompile Include="C:\Users\Alej\Desktop\FIGV-6-Start\FIGV\imgui\imgui_draw.cpp">
      <Filter>Source Files</Filter>
    </ClCompile>
    <ClCompile Include="C:\Users\Alej\Desktop\FIGV-6-Start\FIGV\imgui\imgui_tables.cpp">
      <Filter>Source Files</Filter>
    </ClCompile>
    <ClCompile Include="C:\Users\Alej\Desktop\FIGV-6-Start\FIGV\imgui\imgui_widgets.cpp">
      <Filter>Source Files</Filter>
    </ClCompile>
    <ClCompile Include="C:\Users\Alej\Desktop\FIGV-6-Start\FIGV\main.cpp">
      <Filter>Source Files</Filter>
    </ClCompile>
  </ItemGroup>
  <ItemGroup>
    <CustomBuild Include="C:\Users\Alej\Desktop\FIGV-6-Start\FIGV\CMakeLists.txt" />
  </ItemGroup>
  <ItemGroup>
    <Filter Include="Source Files">
      <UniqueIdentifier>{D8A46762-DE97-3825-962E-F0C31F0012CF}</UniqueIdentifier>
    </Filter>
  </ItemGroup>
</Project>
